
Microsoft Visual Studio Solution File, Format Version 12.00
# Visual Studio 14
VisualStudioVersion = 14.0.25420.1
MinimumVisualStudioVersion = 10.0.40219.1
Project("{FAE04EC0-301F-11D3-BF4B-00C04F79EFBC}") = "Test", "Test\Test.csproj", "{3902D946-BD83-4B15-8085-2C3CA78D8A3E}"
EndProject
Project("{FAE04EC0-301F-11D3-BF4B-00C04F79EFBC}") = "TestDebug", "TestDebug\TestDebug.csproj", "{8150C6D1-5276-4D51-8F17-63FCFF6BC358}"
EndProject
Global
	GlobalSection(SolutionConfigurationPlatforms) = preSolution
		Debug|Any CPU = Debug|Any CPU
		Release|Any CPU = Release|Any CPU
	EndGlobalSection
	GlobalSection(ProjectConfigurationPlatforms) = postSolution
		{3902D946-BD83-4B15-8085-2C3CA78D8A3E}.Debug|Any CPU.ActiveCfg = Debug|Any CPU
		{3902D946-BD83-4B15-8085-2C3CA78D8A3E}.Debug|Any CPU.Build.0 = Debug|Any CPU
		{3902D946-BD83-4B15-8085-2C3CA78D8A3E}.Release|Any CPU.ActiveCfg = Release|Any CPU
		{3902D946-BD83-4B15-8085-2C3CA78D8A3E}.Release|Any CPU.Build.0 = Release|Any CPU
		{8150C6D1-5276-4D51-8F17-63FCFF6BC358}.Debug|Any CPU.ActiveCfg = Debug|Any CPU
		{8150C6D1-5276-4D51-8F17-63FCFF6BC358}.Debug|Any CPU.Build.0 = Debug|Any CPU
		{8150C6D1-5276-4D51-8F17-63FCFF6BC358}.Release|Any CPU.ActiveCfg = Release|Any CPU
		{8150C6D1-5276-4D51-8F17-63FCFF6BC358}.Release|Any CPU.Build.0 = Release|Any CPU
	EndGlobalSection
	GlobalSection(SolutionProperties) = preSolution
		HideSolutionNode = FALSE
	EndGlobalSection
EndGlobal
